// !$*UTF8*$!
{
	archiveVersion = 1;
	classes = {
	};
	objectVersion = 46;
	objects = {

/* Begin PBXBuildFile section */
		99B0DB861FC2319E00B669AA /* AppDelegate.swift in Sources */ = {isa = PBXBuildFile; fileRef = 99B0DB851FC2319E00B669AA /* AppDelegate.swift */; };
		99B0DB881FC2319E00B669AA /* ViewController.swift in Sources */ = {isa = PBXBuildFile; fileRef = 99B0DB871FC2319E00B669AA /* ViewController.swift */; };
		99B0DB8B1FC2319E00B669AA /* Main.storyboard in Resources */ = {isa = PBXBuildFile; fileRef = 99B0DB891FC2319E00B669AA /* Main.storyboard */; };
		99B0DB8D1FC2319E00B669AA /* Assets.xcassets in Resources */ = {isa = PBXBuildFile; fileRef = 99B0DB8C1FC2319E00B669AA /* Assets.xcassets */; };
		99B0DB901FC2319E00B669AA /* LaunchScreen.storyboard in Resources */ = {isa = PBXBuildFile; fileRef = 99B0DB8E1FC2319E00B669AA /* LaunchScreen.storyboard */; };
		99B0DB9B1FC231E700B669AA /* YKSegmentedControl.swift in Sources */ = {isa = PBXBuildFile; fileRef = 99B0DB991FC231E700B669AA /* YKSegmentedControl.swift */; };
		99B0DB9C1FC231E700B669AA /* YKSegmentItem.swift in Sources */ = {isa = PBXBuildFile; fileRef = 99B0DB9A1FC231E700B669AA /* YKSegmentItem.swift */; };
/* End PBXBuildFile section */

/* Begin PBXFileReference section */
		99B0DB821FC2319E00B669AA /* YKSegmentedControl.app */ = {isa = PBXFileReference; explicitFileType = wrapper.application; includeInIndex = 0; path = YKSegmentedControl.app; sourceTree = BUILT_PRODUCTS_DIR; };
		99B0DB851FC2319E00B669AA /* AppDelegate.swift */ = {isa = PBXFileReference; lastKnownFileType = sourcecode.swift; path = AppDelegate.swift; sourceTree = "<group>"; };
		99B0DB871FC2319E00B669AA /* ViewController.swift */ = {isa = PBXFileReference; lastKnownFileType = sourcecode.swift; path = ViewController.swift; sourceTree = "<group>"; };
		99B0DB8A1FC2319E00B669AA /* Base */ = {isa = PBXFileReference; lastKnownFileType = file.storyboard; name = Base; path = Base.lproj/Main.storyboard; sourceTree = "<group>"; };
		99B0DB8C1FC2319E00B669AA /* Assets.xcassets */ = {isa = PBXFileReference; lastKnownFileType = folder.assetcatalog; path = Assets.xcassets; sourceTree = "<group>"; };
		99B0DB8F1FC2319E00B669AA /* Base */ = {isa = PBXFileReference; lastKnownFileType = file.storyboard; name = Base; path = Base.lproj/LaunchScreen.storyboard; sourceTree = "<group>"; };
		99B0DB911FC2319E00B669AA /* Info.plist */ = {isa = PBXFileReference; lastKnownFileType = text.plist.xml; path = Info.plist; sourceTree = "<group>"; };
		99B0DB991FC231E700B669AA /* YKSegmentedControl.swift */ = {isa = PBXFileReference; fileEncoding = 4; lastKnownFileType = sourcecode.swift; path = YKSegmentedControl.swift; sourceTree = "<group>"; };
		99B0DB9A1FC231E700B669AA /* YKSegmentItem.swift */ = {isa = PBXFileReference; fileEncoding = 4; lastKnownFileType = sourcecode.swift; path = YKSegmentItem.swift; sourceTree = "<group>"; };
/* End PBXFileReference section */

/* Begin PBXFrameworksBuildPhase section */
		99B0DB7F1FC2319E00B669AA /* Frameworks */ = {
			isa = PBXFrameworksBuildPhase;
			buildActionMask = 2147483647;
			files = (
			);
			runOnlyForDeploymentPostprocessing = 0;
		};
/* End PBXFrameworksBuildPhase section */

/* Begin PBXGroup section */
		99B0DB791FC2319E00B669AA = {
			isa = PBXGroup;
			children = (
				99B0DB981FC231C700B669AA /* YKSegmentedControl */,
				99B0DB841FC2319E00B669AA /* Example */,
				99B0DB831FC2319E00B669AA /* Products */,
			);
			sourceTree = "<group>";
		};
		99B0DB831FC2319E00B669AA /* Products */ = {
			isa = PBXGroup;
			children = (
				99B0DB821FC2319E00B669AA /* YKSegmentedControl.app */,
			);
			name = Products;
			sourceTree = "<group>";
		};
		99B0DB841FC2319E00B669AA /* Example */ = {
			isa = PBXGroup;
			children = (
				99B0DB851FC2319E00B669AA /* AppDelegate.swift */,
				99B0DB871FC2319E00B669AA /* ViewController.swift */,
				99B0DB891FC2319E00B669AA /* Main.storyboard */,
				99B0DB8C1FC2319E00B669AA /* Assets.xcassets */,
				99B0DB8E1FC2319E00B669AA /* LaunchScreen.storyboard */,
				99B0DB911FC2319E00B669AA /* Info.plist */,
			);
			name = Example;
			path = YKSegmentedControl;
			sourceTree = "<group>";
		};
		99B0DB981FC231C700B669AA /* YKSegmentedControl */ = {
			isa = PBXGroup;
			children = (
				99B0DB991FC231E700B669AA /* YKSegmentedControl.swift */,
				99B0DB9A1FC231E700B669AA /* YKSegmentItem.swift */,
			);
			path = YKSegmentedControl;
			sourceTree = "<group>";
		};
/* End PBXGroup section */

/* Begin PBXNativeTarget section */
		99B0DB811FC2319E00B669AA /* YKSegmentedControl */ = {
			isa = PBXNativeTarget;
			buildConfigurationList = 99B0DB941FC2319E00B669AA /* Build configuration list for PBXNativeTarget "YKSegmentedControl" */;
			buildPhases = (
				99B0DB7E1FC2319E00B669AA /* Sources */,
				99B0DB7F1FC2319E00B669AA /* Frameworks */,
				99B0DB801FC2319E00B669AA /* Resources */,
			);
			buildRules = (
			);
			dependencies = (
			);
			name = YKSegmentedControl;
			productName = YKSegmentedControl;
			productReference = 99B0DB821FC2319E00B669AA /* YKSegmentedControl.app */;
			productType = "com.apple.product-type.application";
		};
/* End PBXNativeTarget section */

/* Begin PBXProject section */
		99B0DB7A1FC2319E00B669AA /* Project object */ = {
			isa = PBXProject;
			attributes = {
				LastSwiftUpdateCheck = 0830;
				LastUpgradeCheck = 0830;
				ORGANIZATIONNAME = yusuf_kildan;
				TargetAttributes = {
					99B0DB811FC2319E00B669AA = {
						CreatedOnToolsVersion = 8.3.3;
						DevelopmentTeam = TS6988L5X8;
						ProvisioningStyle = Automatic;
					};
				};
			};
			buildConfigurationList = 99B0DB7D1FC2319E00B669AA /* Build configuration list for PBXProject "YKSegmentedControl" */;
			compatibilityVersion = "Xcode 3.2";
			developmentRegion = English;
			hasScannedForEncodings = 0;
			knownRegions = (
				en,
				Base,
			);
			mainGroup = 99B0DB791FC2319E00B669AA;
			productRefGroup = 99B0DB831FC2319E00B669AA /* Products */;
			projectDirPath = "";
			projectRoot = "";
			targets = (
				99B0DB811FC2319E00B669AA /* YKSegmentedControl */,
			);
		};
/* End PBXProject section */

/* Begin PBXResourcesBuildPhase section */
		99B0DB801FC2319E00B669AA /* Resources */ = {
			isa = PBXResourcesBuildPhase;
			buildActionMask = 2147483647;
			files = (
				99B0DB901FC2319E00B669AA /* LaunchScreen.storyboard in Resources */,
				99B0DB8D1FC2319E00B669AA /* Assets.xcassets in Resources */,
				99B0DB8B1FC2319E00B669AA /* Main.storyboard in Resources */,
			);
			runOnlyForDeploymentPostprocessing = 0;
		};
/* End PBXResourcesBuildPhase section */

/* Begin PBXSourcesBuildPhase section */
		99B0DB7E1FC2319E00B669AA /* Sources */ = {
			isa = PBXSourcesBuildPhase;
			buildActionMask = 2147483647;
			files = (
				99B0DB9C1FC231E700B669AA /* YKSegmentItem.swift in Sources */,
				99B0DB881FC2319E00B669AA /* ViewController.swift in Sources */,
				99B0DB9B1FC231E700B669AA /* YKSegmentedControl.swift in Sources */,
				99B0DB861FC2319E00B669AA /* AppDelegate.swift in Sources */,
			);
			runOnlyForDeploymentPostprocessing = 0;
		};
/* End PBXSourcesBuildPhase section */

/* Begin PBXVariantGroup section */
		99B0DB891FC2319E00B669AA /* Main.storyboard */ = {
			isa = PBXVariantGroup;
			children = (
				99B0DB8A1FC2319E00B669AA /* Base */,
			);
			name = Main.storyboard;
			sourceTree = "<group>";
		};
		99B0DB8E1FC2319E00B669AA /* LaunchScreen.storyboard */ = {
			isa = PBXVariantGroup;
			children = (
				99B0DB8F1FC2319E00B669AA /* Base */,
			);
			name = LaunchScreen.storyboard;
			sourceTree = "<group>";
		};
/* End PBXVariantGroup section */

/* Begin XCBuildConfiguration section */
		99B0DB921FC2319E00B669AA /* Debug */ = {
			isa = XCBuildConfiguration;
			buildSettings = {
				ALWAYS_SEARCH_USER_PATHS = NO;
				CLANG_ANALYZER_NONNULL = YES;
				CLANG_ANALYZER_NUMBER_OBJECT_CONVERSION = YES_AGGRESSIVE;
				CLANG_CXX_LANGUAGE_STANDARD = "gnu++0x";
				CLANG_CXX_LIBRARY = "libc++";
				CLANG_ENABLE_MODULES = YES;
				CLANG_ENABLE_OBJC_ARC = YES;
				CLANG_WARN_BOOL_CONVERSION = YES;
				CLANG_WARN_CONSTANT_CONVERSION = YES;
				CLANG_WARN_DIRECT_OBJC_ISA_USAGE = YES_ERROR;
				CLANG_WARN_DOCUMENTATION_COMMENTS = YES;
				CLANG_WARN_EMPTY_BODY = YES;
				CLANG_WARN_ENUM_CONVERSION = YES;
				CLANG_WARN_INFINITE_RECURSION = YES;
				CLANG_WARN_INT_CONVERSION = YES;
				CLANG_WARN_OBJC_ROOT_CLASS = YES_ERROR;
				CLANG_WARN_SUSPICIOUS_MOVE = YES;
				CLANG_WARN_UNREACHABLE_CODE = YES;
				CLANG_WARN__DUPLICATE_METHOD_MATCH = YES;
				"CODE_SIGN_IDENTITY[sdk=iphoneos*]" = "iPhone Developer";
				COPY_PHASE_STRIP = NO;
				DEBUG_INFORMATION_FORMAT = dwarf;
				ENABLE_STRICT_OBJC_MSGSEND = YES;
				ENABLE_TESTABILITY = YES;
				GCC_C_LANGUAGE_STANDARD = gnu99;
				GCC_DYNAMIC_NO_PIC = NO;
				GCC_NO_COMMON_BLOCKS = YES;
				GCC_OPTIMIZATION_LEVEL = 0;
				GCC_PREPROCESSOR_DEFINITIONS = (
					"DEBUG=1",
					"$(inherited)",
				);
				GCC_WARN_64_TO_32_BIT_CONVERSION = YES;
				GCC_WARN_ABOUT_RETURN_TYPE = YES_ERROR;
				GCC_WARN_UNDECLARED_SELECTOR = YES;
				GCC_WARN_UNINITIALIZED_AUTOS = YES_AGGRESSIVE;
				GCC_WARN_UNUSED_FUNCTION = YES;
				GCC_WARN_UNUSED_VARIABLE = YES;
				IPHONEOS_DEPLOYMENT_TARGET = 10.3;
				MTL_ENABLE_DEBUG_INFO = YES;
				ONLY_ACTIVE_ARCH = YES;
				SDKROOT = iphoneos;
				SWIFT_ACTIVE_COMPILATION_CONDITIONS = DEBUG;
				SWIFT_OPTIMIZATION_LEVEL = "-Onone";
				TARGETED_DEVICE_FAMILY = "1,2";
			};
			name = Debug;
		};
		99B0DB931FC2319E00B669AA /* Release */ = {
			isa = XCBuildConfiguration;
			buildSettings = {
				ALWAYS_SEARCH_USER_PATHS = NO;
				CLANG_ANALYZER_NONNULL = YES;
				CLANG_ANALYZER_NUMBER_OBJECT_CONVERSION = YES_AGGRESSIVE;
				CLANG_CXX_LANGUAGE_STANDARD = "gnu++0x";
				CLANG_CXX_LIBRARY = "libc++";
				CLANG_ENABLE_MODULES = YES;
				CLANG_ENABLE_OBJC_ARC = YES;
				CLANG_WARN_BOOL_CONVERSION = YES;
				CLANG_WARN_CONSTANT_CONVERSION = YES;
				CLANG_WARN_DIRECT_OBJC_ISA_USAGE = YES_ERROR;
				CLANG_WARN_DOCUMENTATION_COMMENTS = YES;
				CLANG_WARN_EMPTY_BODY = YES;
				CLANG_WARN_ENUM_CONVERSION = YES;
				CLANG_WARN_INFINITE_RECURSION = YES;
				CLANG_WARN_INT_CONVERSION = YES;
				CLANG_WARN_OBJC_ROOT_CLASS = YES_ERROR;
				CLANG_WARN_SUSPICIOUS_MOVE = YES;
				CLANG_WARN_UNREACHABLE_CODE = YES;
				CLANG_WARN__DUPLICATE_METHOD_MATCH = YES;
				"CODE_SIGN_IDENTITY[sdk=iphoneos*]" = "iPhone Developer";
				COPY_PHASE_STRIP = NO;
				DEBUG_INFORMATION_FORMAT = "dwarf-with-dsym";
				ENABLE_NS_ASSERTIONS = NO;
				ENABLE_STRICT_OBJC_MSGSEND = YES;
				GCC_C_LANGUAGE_STANDARD = gnu99;
				GCC_NO_COMMON_BLOCKS = YES;
				GCC_WARN_64_TO_32_BIT_CONVERSION = YES;
				GCC_WARN_ABOUT_RETURN_TYPE = YES_ERROR;
				GCC_WARN_UNDECLARED_SELECTOR = YES;
				GCC_WARN_UNINITIALIZED_AUTOS = YES_AGGRESSIVE;
				GCC_WARN_UNUSED_FUNCTION = YES;
				GCC_WARN_UNUSED_VARIABLE = YES;
				IPHONEOS_DEPLOYMENT_TARGET = 10.3;
				MTL_ENABLE_DEBUG_INFO = NO;
				SDKROOT = iphoneos;
				SWIFT_OPTIMIZATION_LEVEL = "-Owholemodule";
				TARGETED_DEVICE_FAMILY = "1,2";
				VALIDATE_PRODUCT = YES;
			};
			name = Release;
		};
		99B0DB951FC2319E00B669AA /* Debug */ = {
			isa = XCBuildConfiguration;
			buildSettings = {
				ASSETCATALOG_COMPILER_APPICON_NAME = AppIcon;
				DEVELOPMENT_TEAM = TS6988L5X8;
				INFOPLIST_FILE = YKSegmentedControl/Info.plist;
				LD_RUNPATH_SEARCH_PATHS = "$(inherited) @executable_path/Frameworks";
				PRODUCT_BUNDLE_IDENTIFIER = com.yusufkildan.YKSegmentedControl;
				PRODUCT_NAME = "$(TARGET_NAME)";
				SWIFT_VERSION = 3.0;
			};
			name = Debug;
		};
		99B0DB961FC2319E00B669AA /* Release */ = {
			isa = XCBuildConfiguration;
			buildSettings = {
				ASSETCATALOG_COMPILER_APPICON_NAME = AppIcon;
				DEVELOPMENT_TEAM = TS6988L5X8;
				INFOPLIST_FILE = YKSegmentedControl/Info.plist;
				LD_RUNPATH_SEARCH_PATHS = "$(inherited) @executable_path/Frameworks";
				PRODUCT_BUNDLE_IDENTIFIER = com.yusufkildan.YKSegmentedControl;
				PRODUCT_NAME = "$(TARGET_NAME)";
				SWIFT_VERSION = 3.0;
			};
			name = Release;
		};
/* End XCBuildConfiguration section */

/* Begin XCConfigurationList section */
		99B0DB7D1FC2319E00B669AA /* Build configuration list for PBXProject "YKSegmentedControl" */ = {
			isa = XCConfigurationList;
			buildConfigurations = (
				99B0DB921FC2319E00B669AA /* Debug */,
				99B0DB931FC2319E00B669AA /* Release */,
			);
			defaultConfigurationIsVisible = 0;
			defaultConfigurationName = Release;
		};
		99B0DB941FC2319E00B669AA /* Build configuration list for PBXNativeTarget "YKSegmentedControl" */ = {
			isa = XCConfigurationList;
			buildConfigurations = (
				99B0DB951FC2319E00B669AA /* Debug */,
				99B0DB961FC2319E00B669AA /* Release */,
			);
			defaultConfigurationIsVisible = 0;
		};
/* End XCConfigurationList section */
	};
	rootObject = 99B0DB7A1FC2319E00B669AA /* Project object */;
}
